
Microsoft Visual Studio Solution File, Format Version 12.00
# Visual Studio Version 17
VisualStudioVersion = 17.13.35931.197 d17.13
MinimumVisualStudioVersion = 10.0.40219.1
Project("{FAE04EC0-301F-11D3-BF4B-00C04F79EFBC}") = "ClassSample", "ClassSample\ClassSample.csproj", "{59927130-EF28-4F09-A523-9A15A99B857B}"
EndProject
Global
	GlobalSection(SolutionConfigurationPlatforms) = preSolution
		Debug|Any CPU = Debug|Any CPU
		Release|Any CPU = Release|Any CPU
	EndGlobalSection
	GlobalSection(ProjectConfigurationPlatforms) = postSolution
		{59927130-EF28-4F09-A523-9A15A99B857B}.Debug|Any CPU.ActiveCfg = Debug|Any CPU
		{59927130-EF28-4F09-A523-9A15A99B857B}.Debug|Any CPU.Build.0 = Debug|Any CPU
		{59927130-EF28-4F09-A523-9A15A99B857B}.Release|Any CPU.ActiveCfg = Release|Any CPU
		{59927130-EF28-4F09-A523-9A15A99B857B}.Release|Any CPU.Build.0 = Release|Any CPU
	EndGlobalSection
	GlobalSection(SolutionProperties) = preSolution
		HideSolutionNode = FALSE
	EndGlobalSection
	GlobalSection(ExtensibilityGlobals) = postSolution
		SolutionGuid = {DF798222-8538-4294-A154-6D6A44D34B59}
	EndGlobalSection
EndGlobal
